
Microsoft Visual Studio Solution File, Format Version 12.00
# Visual Studio Version 17
VisualStudioVersion = 17.8.34511.84
MinimumVisualStudioVersion = 10.0.40219.1
Project("{9A19103F-16F7-4668-BE54-9A1E7A4F7556}") = "JD.BitBet.UI", "JD.BitBet.UI\JD.BitBet.UI.csproj", "{FAAADFD8-ADF6-42AE-A272-C60677E119F4}"
EndProject
Project("{9A19103F-16F7-4668-BE54-9A1E7A4F7556}") = "JD.BitBet.PL", "JD.BitBet.PL\JD.BitBet.PL.csproj", "{174BF428-C1A2-4AE8-9DC1-21C861FFD717}"
EndProject
Project("{9A19103F-16F7-4668-BE54-9A1E7A4F7556}") = "JD.BitBet.BL", "JD.BitBet.BL\JD.BitBet.BL.csproj", "{85F47AA8-33C6-4A74-9063-20E9BB60B966}"
EndProject
Project("{9A19103F-16F7-4668-BE54-9A1E7A4F7556}") = "JD.BitBet.BL.Models", "JD.BitBet.BL.Models\JD.BitBet.BL.Models.csproj", "{755D62DD-1489-4C85-92EF-BD913A847C77}"
EndProject
Project("{9A19103F-16F7-4668-BE54-9A1E7A4F7556}") = "JD.BitBet.PL.Test", "JD.BitBet.Test\JD.BitBet.PL.Test.csproj", "{D9B22DD8-D0D2-4A19-996B-7AF312B7F8AB}"
EndProject
Project("{9A19103F-16F7-4668-BE54-9A1E7A4F7556}") = "JD.BitBet.BL.Test", "JD.BitBet.BL.Test\JD.BitBet.BL.Test.csproj", "{65721B5E-3162-4BF9-B514-2CE3D0955068}"
EndProject
Project("{9A19103F-16F7-4668-BE54-9A1E7A4F7556}") = "JD.BitBet.MigrationHandler", "JD.BitBet.MigrationHandler\JD.BitBet.MigrationHandler.csproj", "{16D28244-E2F2-4705-AF8B-BD8F38977088}"
EndProject
Project("{9A19103F-16F7-4668-BE54-9A1E7A4F7556}") = "JD.BitBet.API", "JD.BitBet.API\JD.BitBet.API.csproj", "{618F9C00-8BA4-47F1-8FCC-37FFFBEEA2DF}"
EndProject
Project("{9A19103F-16F7-4668-BE54-9A1E7A4F7556}") = "JD.Utility", "JD.Utility\JD.Utility.csproj", "{54805C26-CC1B-4332-801E-4C60AC4BD4EF}"
EndProject
Project("{9A19103F-16F7-4668-BE54-9A1E7A4F7556}") = "JD.BitBet.Api.Test", "JD.BitBet.Api.Test\JD.BitBet.Api.Test.csproj", "{5D1FBCDF-D7F8-4828-AC29-8D9B8BE7B083}"
EndProject
Project("{FAE04EC0-301F-11D3-BF4B-00C04F79EFBC}") = "JD.BitBet.Console", "JD.BitBet.Console\JD.BitBet.Console.csproj", "{7C0A17E2-6BB9-4718-8E74-8A259A5DBEE7}"
EndProject
Global
	GlobalSection(SolutionConfigurationPlatforms) = preSolution
		Debug|Any CPU = Debug|Any CPU
		Release|Any CPU = Release|Any CPU
	EndGlobalSection
	GlobalSection(ProjectConfigurationPlatforms) = postSolution
		{FAAADFD8-ADF6-42AE-A272-C60677E119F4}.Debug|Any CPU.ActiveCfg = Debug|Any CPU
		{FAAADFD8-ADF6-42AE-A272-C60677E119F4}.Debug|Any CPU.Build.0 = Debug|Any CPU
		{FAAADFD8-ADF6-42AE-A272-C60677E119F4}.Release|Any CPU.ActiveCfg = Release|Any CPU
		{FAAADFD8-ADF6-42AE-A272-C60677E119F4}.Release|Any CPU.Build.0 = Release|Any CPU
		{174BF428-C1A2-4AE8-9DC1-21C861FFD717}.Debug|Any CPU.ActiveCfg = Debug|Any CPU
		{174BF428-C1A2-4AE8-9DC1-21C861FFD717}.Debug|Any CPU.Build.0 = Debug|Any CPU
		{174BF428-C1A2-4AE8-9DC1-21C861FFD717}.Release|Any CPU.ActiveCfg = Release|Any CPU
		{174BF428-C1A2-4AE8-9DC1-21C861FFD717}.Release|Any CPU.Build.0 = Release|Any CPU
		{85F47AA8-33C6-4A74-9063-20E9BB60B966}.Debug|Any CPU.ActiveCfg = Debug|Any CPU
		{85F47AA8-33C6-4A74-9063-20E9BB60B966}.Debug|Any CPU.Build.0 = Debug|Any CPU
		{85F47AA8-33C6-4A74-9063-20E9BB60B966}.Release|Any CPU.ActiveCfg = Release|Any CPU
		{85F47AA8-33C6-4A74-9063-20E9BB60B966}.Release|Any CPU.Build.0 = Release|Any CPU
		{755D62DD-1489-4C85-92EF-BD913A847C77}.Debug|Any CPU.ActiveCfg = Debug|Any CPU
		{755D62DD-1489-4C85-92EF-BD913A847C77}.Debug|Any CPU.Build.0 = Debug|Any CPU
		{755D62DD-1489-4C85-92EF-BD913A847C77}.Release|Any CPU.ActiveCfg = Release|Any CPU
		{755D62DD-1489-4C85-92EF-BD913A847C77}.Release|Any CPU.Build.0 = Release|Any CPU
		{D9B22DD8-D0D2-4A19-996B-7AF312B7F8AB}.Debug|Any CPU.ActiveCfg = Debug|Any CPU
		{D9B22DD8-D0D2-4A19-996B-7AF312B7F8AB}.Debug|Any CPU.Build.0 = Debug|Any CPU
		{D9B22DD8-D0D2-4A19-996B-7AF312B7F8AB}.Release|Any CPU.ActiveCfg = Release|Any CPU
		{D9B22DD8-D0D2-4A19-996B-7AF312B7F8AB}.Release|Any CPU.Build.0 = Release|Any CPU
		{65721B5E-3162-4BF9-B514-2CE3D0955068}.Debug|Any CPU.ActiveCfg = Debug|Any CPU
		{65721B5E-3162-4BF9-B514-2CE3D0955068}.Debug|Any CPU.Build.0 = Debug|Any CPU
		{65721B5E-3162-4BF9-B514-2CE3D0955068}.Release|Any CPU.ActiveCfg = Release|Any CPU
		{65721B5E-3162-4BF9-B514-2CE3D0955068}.Release|Any CPU.Build.0 = Release|Any CPU
		{16D28244-E2F2-4705-AF8B-BD8F38977088}.Debug|Any CPU.ActiveCfg = Debug|Any CPU
		{16D28244-E2F2-4705-AF8B-BD8F38977088}.Debug|Any CPU.Build.0 = Debug|Any CPU
		{16D28244-E2F2-4705-AF8B-BD8F38977088}.Release|Any CPU.ActiveCfg = Release|Any CPU
		{16D28244-E2F2-4705-AF8B-BD8F38977088}.Release|Any CPU.Build.0 = Release|Any CPU
		{618F9C00-8BA4-47F1-8FCC-37FFFBEEA2DF}.Debug|Any CPU.ActiveCfg = Debug|Any CPU
		{618F9C00-8BA4-47F1-8FCC-37FFFBEEA2DF}.Debug|Any CPU.Build.0 = Debug|Any CPU
		{618F9C00-8BA4-47F1-8FCC-37FFFBEEA2DF}.Release|Any CPU.ActiveCfg = Release|Any CPU
		{618F9C00-8BA4-47F1-8FCC-37FFFBEEA2DF}.Release|Any CPU.Build.0 = Release|Any CPU
		{54805C26-CC1B-4332-801E-4C60AC4BD4EF}.Debug|Any CPU.ActiveCfg = Debug|Any CPU
		{54805C26-CC1B-4332-801E-4C60AC4BD4EF}.Debug|Any CPU.Build.0 = Debug|Any CPU
		{54805C26-CC1B-4332-801E-4C60AC4BD4EF}.Release|Any CPU.ActiveCfg = Release|Any CPU
		{54805C26-CC1B-4332-801E-4C60AC4BD4EF}.Release|Any CPU.Build.0 = Release|Any CPU
		{5D1FBCDF-D7F8-4828-AC29-8D9B8BE7B083}.Debug|Any CPU.ActiveCfg = Debug|Any CPU
		{5D1FBCDF-D7F8-4828-AC29-8D9B8BE7B083}.Debug|Any CPU.Build.0 = Debug|Any CPU
		{5D1FBCDF-D7F8-4828-AC29-8D9B8BE7B083}.Release|Any CPU.ActiveCfg = Release|Any CPU
		{5D1FBCDF-D7F8-4828-AC29-8D9B8BE7B083}.Release|Any CPU.Build.0 = Release|Any CPU
		{7C0A17E2-6BB9-4718-8E74-8A259A5DBEE7}.Debug|Any CPU.ActiveCfg = Debug|Any CPU
		{7C0A17E2-6BB9-4718-8E74-8A259A5DBEE7}.Debug|Any CPU.Build.0 = Debug|Any CPU
		{7C0A17E2-6BB9-4718-8E74-8A259A5DBEE7}.Release|Any CPU.ActiveCfg = Release|Any CPU
		{7C0A17E2-6BB9-4718-8E74-8A259A5DBEE7}.Release|Any CPU.Build.0 = Release|Any CPU
	EndGlobalSection
	GlobalSection(SolutionProperties) = preSolution
		HideSolutionNode = FALSE
	EndGlobalSection
	GlobalSection(ExtensibilityGlobals) = postSolution
		SolutionGuid = {A7C10982-0A77-43D1-AC21-99F409F9B8B4}
	EndGlobalSection
EndGlobal
